// !$*UTF8*$!
{
	archiveVersion = 1;
	classes = {
	};
	objectVersion = 56;
	objects = {

/* Begin PBXBuildFile section */
		DD11D60329FA6ADE00A92C1B /* Mulish-Italic-VariableFont_wght.ttf in Resources */ = {isa = PBXBuildFile; fileRef = DD11D60229FA6A6A00A92C1B /* Mulish-Italic-VariableFont_wght.ttf */; };
		DD11D60429FA6AE300A92C1B /* Mulish-VariableFont_wght.ttf in Resources */ = {isa = PBXBuildFile; fileRef = DD11D60129FA6A6A00A92C1B /* Mulish-VariableFont_wght.ttf */; };
		DD400FE629DB283A00FF480E /* AppDelegate.swift in Sources */ = {isa = PBXBuildFile; fileRef = DD400FE529DB283A00FF480E /* AppDelegate.swift */; };
		DD400FE829DB283A00FF480E /* SceneDelegate.swift in Sources */ = {isa = PBXBuildFile; fileRef = DD400FE729DB283A00FF480E /* SceneDelegate.swift */; };
		DD400FF029DB283A00FF480E /* cryptobag.xcdatamodeld in Sources */ = {isa = PBXBuildFile; fileRef = DD400FEE29DB283A00FF480E /* cryptobag.xcdatamodeld */; };
		DD400FF229DB283B00FF480E /* Assets.xcassets in Resources */ = {isa = PBXBuildFile; fileRef = DD400FF129DB283B00FF480E /* Assets.xcassets */; };
		DD400FF529DB283B00FF480E /* LaunchScreen.storyboard in Resources */ = {isa = PBXBuildFile; fileRef = DD400FF329DB283B00FF480E /* LaunchScreen.storyboard */; };
		DD40100029DB283B00FF480E /* cryptobagTests.swift in Sources */ = {isa = PBXBuildFile; fileRef = DD400FFF29DB283B00FF480E /* cryptobagTests.swift */; };
		DD40100A29DB283B00FF480E /* cryptobagUITests.swift in Sources */ = {isa = PBXBuildFile; fileRef = DD40100929DB283B00FF480E /* cryptobagUITests.swift */; };
		DD40100C29DB283B00FF480E /* cryptobagUITestsLaunchTests.swift in Sources */ = {isa = PBXBuildFile; fileRef = DD40100B29DB283B00FF480E /* cryptobagUITestsLaunchTests.swift */; };
		DD40101A29DC6E4E00FF480E /* NetworkService.swift in Sources */ = {isa = PBXBuildFile; fileRef = DD40101929DC6E4E00FF480E /* NetworkService.swift */; };
		DD40102429DC773000FF480E /* SnapKit in Frameworks */ = {isa = PBXBuildFile; productRef = DD40102329DC773000FF480E /* SnapKit */; };
		DD40104629E3217700FF480E /* HomeView.swift in Sources */ = {isa = PBXBuildFile; fileRef = DD40104529E3217700FF480E /* HomeView.swift */; };
		DD40104929E67DC200FF480E /* DataService.swift in Sources */ = {isa = PBXBuildFile; fileRef = DD40104829E67DC200FF480E /* DataService.swift */; };
		DD40104C29E67DF100FF480E /* MainPresenter.swift in Sources */ = {isa = PBXBuildFile; fileRef = DD40104B29E67DF100FF480E /* MainPresenter.swift */; };
		DDFF651D29F03604003F64FF /* Alamofire in Frameworks */ = {isa = PBXBuildFile; productRef = DDFF651C29F03604003F64FF /* Alamofire */; };
		DDFF654329F4033C003F64FF /* Tickers.swift in Sources */ = {isa = PBXBuildFile; fileRef = DDFF654229F4033C003F64FF /* Tickers.swift */; };
		DDFF654A29F65EDF003F64FF /* CustomCell.swift in Sources */ = {isa = PBXBuildFile; fileRef = DDFF654929F65EDF003F64FF /* CustomCell.swift */; };
		DDFF654C29F6641C003F64FF /* CoinsModel.swift in Sources */ = {isa = PBXBuildFile; fileRef = DDFF654B29F6641C003F64FF /* CoinsModel.swift */; };
		DDFF654E29F6F138003F64FF /* Assembler.swift in Sources */ = {isa = PBXBuildFile; fileRef = DDFF654D29F6F138003F64FF /* Assembler.swift */; };
/* End PBXBuildFile section */

/* Begin PBXContainerItemProxy section */
		DD400FFC29DB283B00FF480E /* PBXContainerItemProxy */ = {
			isa = PBXContainerItemProxy;
			containerPortal = DD400FDA29DB283A00FF480E /* Project object */;
			proxyType = 1;
			remoteGlobalIDString = DD400FE129DB283A00FF480E;
			remoteInfo = cryptobag;
		};
		DD40100629DB283B00FF480E /* PBXContainerItemProxy */ = {
			isa = PBXContainerItemProxy;
			containerPortal = DD400FDA29DB283A00FF480E /* Project object */;
			proxyType = 1;
			remoteGlobalIDString = DD400FE129DB283A00FF480E;
			remoteInfo = cryptobag;
		};
/* End PBXContainerItemProxy section */

/* Begin PBXFileReference section */
		DD11D60129FA6A6A00A92C1B /* Mulish-VariableFont_wght.ttf */ = {isa = PBXFileReference; lastKnownFileType = file; name = "Mulish-VariableFont_wght.ttf"; path = "../../../../../Downloads/Mulish/Mulish-VariableFont_wght.ttf"; sourceTree = "<group>"; };
		DD11D60229FA6A6A00A92C1B /* Mulish-Italic-VariableFont_wght.ttf */ = {isa = PBXFileReference; lastKnownFileType = file; name = "Mulish-Italic-VariableFont_wght.ttf"; path = "../../../../../Downloads/Mulish/Mulish-Italic-VariableFont_wght.ttf"; sourceTree = "<group>"; };
		DD400FE229DB283A00FF480E /* cryptobag.app */ = {isa = PBXFileReference; explicitFileType = wrapper.application; includeInIndex = 0; path = cryptobag.app; sourceTree = BUILT_PRODUCTS_DIR; };
		DD400FE529DB283A00FF480E /* AppDelegate.swift */ = {isa = PBXFileReference; lastKnownFileType = sourcecode.swift; path = AppDelegate.swift; sourceTree = "<group>"; };
		DD400FE729DB283A00FF480E /* SceneDelegate.swift */ = {isa = PBXFileReference; lastKnownFileType = sourcecode.swift; path = SceneDelegate.swift; sourceTree = "<group>"; };
		DD400FEF29DB283A00FF480E /* cryptobag.xcdatamodel */ = {isa = PBXFileReference; lastKnownFileType = wrapper.xcdatamodel; path = cryptobag.xcdatamodel; sourceTree = "<group>"; };
		DD400FF129DB283B00FF480E /* Assets.xcassets */ = {isa = PBXFileReference; lastKnownFileType = folder.assetcatalog; path = Assets.xcassets; sourceTree = "<group>"; };
		DD400FF429DB283B00FF480E /* Base */ = {isa = PBXFileReference; lastKnownFileType = file.storyboard; name = Base; path = Base.lproj/LaunchScreen.storyboard; sourceTree = "<group>"; };
		DD400FF629DB283B00FF480E /* Info.plist */ = {isa = PBXFileReference; lastKnownFileType = text.plist.xml; path = Info.plist; sourceTree = "<group>"; };
		DD400FFB29DB283B00FF480E /* cryptobagTests.xctest */ = {isa = PBXFileReference; explicitFileType = wrapper.cfbundle; includeInIndex = 0; path = cryptobagTests.xctest; sourceTree = BUILT_PRODUCTS_DIR; };
		DD400FFF29DB283B00FF480E /* cryptobagTests.swift */ = {isa = PBXFileReference; lastKnownFileType = sourcecode.swift; path = cryptobagTests.swift; sourceTree = "<group>"; };
		DD40100529DB283B00FF480E /* cryptobagUITests.xctest */ = {isa = PBXFileReference; explicitFileType = wrapper.cfbundle; includeInIndex = 0; path = cryptobagUITests.xctest; sourceTree = BUILT_PRODUCTS_DIR; };
		DD40100929DB283B00FF480E /* cryptobagUITests.swift */ = {isa = PBXFileReference; lastKnownFileType = sourcecode.swift; path = cryptobagUITests.swift; sourceTree = "<group>"; };
		DD40100B29DB283B00FF480E /* cryptobagUITestsLaunchTests.swift */ = {isa = PBXFileReference; lastKnownFileType = sourcecode.swift; path = cryptobagUITestsLaunchTests.swift; sourceTree = "<group>"; };
		DD40101929DC6E4E00FF480E /* NetworkService.swift */ = {isa = PBXFileReference; lastKnownFileType = sourcecode.swift; path = NetworkService.swift; sourceTree = "<group>"; };
		DD40104529E3217700FF480E /* HomeView.swift */ = {isa = PBXFileReference; lastKnownFileType = sourcecode.swift; path = HomeView.swift; sourceTree = "<group>"; };
		DD40104829E67DC200FF480E /* DataService.swift */ = {isa = PBXFileReference; lastKnownFileType = sourcecode.swift; path = DataService.swift; sourceTree = "<group>"; };
		DD40104B29E67DF100FF480E /* MainPresenter.swift */ = {isa = PBXFileReference; lastKnownFileType = sourcecode.swift; path = MainPresenter.swift; sourceTree = "<group>"; };
		DDFF654229F4033C003F64FF /* Tickers.swift */ = {isa = PBXFileReference; lastKnownFileType = sourcecode.swift; path = Tickers.swift; sourceTree = "<group>"; };
		DDFF654929F65EDF003F64FF /* CustomCell.swift */ = {isa = PBXFileReference; lastKnownFileType = sourcecode.swift; path = CustomCell.swift; sourceTree = "<group>"; };
		DDFF654B29F6641C003F64FF /* CoinsModel.swift */ = {isa = PBXFileReference; lastKnownFileType = sourcecode.swift; path = CoinsModel.swift; sourceTree = "<group>"; };
		DDFF654D29F6F138003F64FF /* Assembler.swift */ = {isa = PBXFileReference; lastKnownFileType = sourcecode.swift; path = Assembler.swift; sourceTree = "<group>"; };
/* End PBXFileReference section */

/* Begin PBXFrameworksBuildPhase section */
		DD400FDF29DB283A00FF480E /* Frameworks */ = {
			isa = PBXFrameworksBuildPhase;
			buildActionMask = 2147483647;
			files = (
				DD40102429DC773000FF480E /* SnapKit in Frameworks */,
				DDFF651D29F03604003F64FF /* Alamofire in Frameworks */,
			);
			runOnlyForDeploymentPostprocessing = 0;
		};
		DD400FF829DB283B00FF480E /* Frameworks */ = {
			isa = PBXFrameworksBuildPhase;
			buildActionMask = 2147483647;
			files = (
			);
			runOnlyForDeploymentPostprocessing = 0;
		};
		DD40100229DB283B00FF480E /* Frameworks */ = {
			isa = PBXFrameworksBuildPhase;
			buildActionMask = 2147483647;
			files = (
			);
			runOnlyForDeploymentPostprocessing = 0;
		};
/* End PBXFrameworksBuildPhase section */

/* Begin PBXGroup section */
		DD11D60029FA6A5600A92C1B /* fonts */ = {
			isa = PBXGroup;
			children = (
				DD11D60229FA6A6A00A92C1B /* Mulish-Italic-VariableFont_wght.ttf */,
				DD11D60129FA6A6A00A92C1B /* Mulish-VariableFont_wght.ttf */,
			);
			path = fonts;
			sourceTree = "<group>";
		};
		DD400FD929DB283A00FF480E = {
			isa = PBXGroup;
			children = (
				DD400FE429DB283A00FF480E /* cryptobag */,
				DD400FFE29DB283B00FF480E /* cryptobagTests */,
				DD40100829DB283B00FF480E /* cryptobagUITests */,
				DD400FE329DB283A00FF480E /* Products */,
			);
			sourceTree = "<group>";
		};
		DD400FE329DB283A00FF480E /* Products */ = {
			isa = PBXGroup;
			children = (
				DD400FE229DB283A00FF480E /* cryptobag.app */,
				DD400FFB29DB283B00FF480E /* cryptobagTests.xctest */,
				DD40100529DB283B00FF480E /* cryptobagUITests.xctest */,
			);
			name = Products;
			sourceTree = "<group>";
		};
		DD400FE429DB283A00FF480E /* cryptobag */ = {
			isa = PBXGroup;
			children = (
				DD11D60029FA6A5600A92C1B /* fonts */,
				DDFF654829F57AE9003F64FF /* App */,
				DDFF654729F57AC1003F64FF /* HomeView */,
				DD40104729E67DB600FF480E /* Models */,
				DD40101829DC6DFA00FF480E /* Services */,
				DD400FF129DB283B00FF480E /* Assets.xcassets */,
				DD400FF329DB283B00FF480E /* LaunchScreen.storyboard */,
				DD400FF629DB283B00FF480E /* Info.plist */,
				DD400FEE29DB283A00FF480E /* cryptobag.xcdatamodeld */,
			);
			path = cryptobag;
			sourceTree = "<group>";
		};
		DD400FFE29DB283B00FF480E /* cryptobagTests */ = {
			isa = PBXGroup;
			children = (
				DD400FFF29DB283B00FF480E /* cryptobagTests.swift */,
			);
			path = cryptobagTests;
			sourceTree = "<group>";
		};
		DD40100829DB283B00FF480E /* cryptobagUITests */ = {
			isa = PBXGroup;
			children = (
				DD40100929DB283B00FF480E /* cryptobagUITests.swift */,
				DD40100B29DB283B00FF480E /* cryptobagUITestsLaunchTests.swift */,
			);
			path = cryptobagUITests;
			sourceTree = "<group>";
		};
		DD40101829DC6DFA00FF480E /* Services */ = {
			isa = PBXGroup;
			children = (
				DD40101929DC6E4E00FF480E /* NetworkService.swift */,
			);
			path = Services;
			sourceTree = "<group>";
		};
		DD40104229E3214B00FF480E /* View */ = {
			isa = PBXGroup;
			children = (
				DDFF654429F44D83003F64FF /* CustomViews */,
				DD40104529E3217700FF480E /* HomeView.swift */,
			);
			path = View;
			sourceTree = "<group>";
		};
		DD40104729E67DB600FF480E /* Models */ = {
			isa = PBXGroup;
			children = (
				DD40104829E67DC200FF480E /* DataService.swift */,
				DDFF654229F4033C003F64FF /* Tickers.swift */,
				DDFF654B29F6641C003F64FF /* CoinsModel.swift */,
			);
			path = Models;
			sourceTree = "<group>";
		};
		DD40104A29E67DE400FF480E /* Presenter */ = {
			isa = PBXGroup;
			children = (
				DD40104B29E67DF100FF480E /* MainPresenter.swift */,
				DDFF654D29F6F138003F64FF /* Assembler.swift */,
			);
			path = Presenter;
			sourceTree = "<group>";
		};
		DDFF654429F44D83003F64FF /* CustomViews */ = {
			isa = PBXGroup;
			children = (
				DDFF654929F65EDF003F64FF /* CustomCell.swift */,
			);
			path = CustomViews;
			sourceTree = "<group>";
		};
		DDFF654729F57AC1003F64FF /* HomeView */ = {
			isa = PBXGroup;
			children = (
				DD40104229E3214B00FF480E /* View */,
				DD40104A29E67DE400FF480E /* Presenter */,
			);
			path = HomeView;
			sourceTree = "<group>";
		};
		DDFF654829F57AE9003F64FF /* App */ = {
			isa = PBXGroup;
			children = (
				DD400FE729DB283A00FF480E /* SceneDelegate.swift */,
				DD400FE529DB283A00FF480E /* AppDelegate.swift */,
			);
			path = App;
			sourceTree = "<group>";
		};
/* End PBXGroup section */

/* Begin PBXNativeTarget section */
		DD400FE129DB283A00FF480E /* cryptobag */ = {
			isa = PBXNativeTarget;
			buildConfigurationList = DD40100F29DB283B00FF480E /* Build configuration list for PBXNativeTarget "cryptobag" */;
			buildPhases = (
				DD400FDE29DB283A00FF480E /* Sources */,
				DD400FDF29DB283A00FF480E /* Frameworks */,
				DD400FE029DB283A00FF480E /* Resources */,
			);
			buildRules = (
			);
			dependencies = (
			);
			name = cryptobag;
			packageProductDependencies = (
				DD40102329DC773000FF480E /* SnapKit */,
				DDFF651C29F03604003F64FF /* Alamofire */,
			);
			productName = cryptobag;
			productReference = DD400FE229DB283A00FF480E /* cryptobag.app */;
			productType = "com.apple.product-type.application";
		};
		DD400FFA29DB283B00FF480E /* cryptobagTests */ = {
			isa = PBXNativeTarget;
			buildConfigurationList = DD40101229DB283B00FF480E /* Build configuration list for PBXNativeTarget "cryptobagTests" */;
			buildPhases = (
				DD400FF729DB283B00FF480E /* Sources */,
				DD400FF829DB283B00FF480E /* Frameworks */,
				DD400FF929DB283B00FF480E /* Resources */,
			);
			buildRules = (
			);
			dependencies = (
				DD400FFD29DB283B00FF480E /* PBXTargetDependency */,
			);
			name = cryptobagTests;
			productName = cryptobagTests;
			productReference = DD400FFB29DB283B00FF480E /* cryptobagTests.xctest */;
			productType = "com.apple.product-type.bundle.unit-test";
		};
		DD40100429DB283B00FF480E /* cryptobagUITests */ = {
			isa = PBXNativeTarget;
			buildConfigurationList = DD40101529DB283B00FF480E /* Build configuration list for PBXNativeTarget "cryptobagUITests" */;
			buildPhases = (
				DD40100129DB283B00FF480E /* Sources */,
				DD40100229DB283B00FF480E /* Frameworks */,
				DD40100329DB283B00FF480E /* Resources */,
			);
			buildRules = (
			);
			dependencies = (
				DD40100729DB283B00FF480E /* PBXTargetDependency */,
			);
			name = cryptobagUITests;
			productName = cryptobagUITests;
			productReference = DD40100529DB283B00FF480E /* cryptobagUITests.xctest */;
			productType = "com.apple.product-type.bundle.ui-testing";
		};
/* End PBXNativeTarget section */

/* Begin PBXProject section */
		DD400FDA29DB283A00FF480E /* Project object */ = {
			isa = PBXProject;
			attributes = {
				BuildIndependentTargetsInParallel = 1;
				LastSwiftUpdateCheck = 1430;
				LastUpgradeCheck = 1430;
				TargetAttributes = {
					DD400FE129DB283A00FF480E = {
						CreatedOnToolsVersion = 14.3;
					};
					DD400FFA29DB283B00FF480E = {
						CreatedOnToolsVersion = 14.3;
						TestTargetID = DD400FE129DB283A00FF480E;
					};
					DD40100429DB283B00FF480E = {
						CreatedOnToolsVersion = 14.3;
						TestTargetID = DD400FE129DB283A00FF480E;
					};
				};
			};
			buildConfigurationList = DD400FDD29DB283A00FF480E /* Build configuration list for PBXProject "cryptobag" */;
			compatibilityVersion = "Xcode 14.0";
			developmentRegion = en;
			hasScannedForEncodings = 0;
			knownRegions = (
				en,
				Base,
			);
			mainGroup = DD400FD929DB283A00FF480E;
			packageReferences = (
				DD40102229DC773000FF480E /* XCRemoteSwiftPackageReference "SnapKit" */,
				DDFF651B29F03604003F64FF /* XCRemoteSwiftPackageReference "Alamofire" */,
			);
			productRefGroup = DD400FE329DB283A00FF480E /* Products */;
			projectDirPath = "";
			projectRoot = "";
			targets = (
				DD400FE129DB283A00FF480E /* cryptobag */,
				DD400FFA29DB283B00FF480E /* cryptobagTests */,
				DD40100429DB283B00FF480E /* cryptobagUITests */,
			);
		};
/* End PBXProject section */

/* Begin PBXResourcesBuildPhase section */
		DD400FE029DB283A00FF480E /* Resources */ = {
			isa = PBXResourcesBuildPhase;
			buildActionMask = 2147483647;
			files = (
				DD400FF529DB283B00FF480E /* LaunchScreen.storyboard in Resources */,
				DD11D60429FA6AE300A92C1B /* Mulish-VariableFont_wght.ttf in Resources */,
				DD400FF229DB283B00FF480E /* Assets.xcassets in Resources */,
				DD11D60329FA6ADE00A92C1B /* Mulish-Italic-VariableFont_wght.ttf in Resources */,
			);
			runOnlyForDeploymentPostprocessing = 0;
		};
		DD400FF929DB283B00FF480E /* Resources */ = {
			isa = PBXResourcesBuildPhase;
			buildActionMask = 2147483647;
			files = (
			);
			runOnlyForDeploymentPostprocessing = 0;
		};
		DD40100329DB283B00FF480E /* Resources */ = {
			isa = PBXResourcesBuildPhase;
			buildActionMask = 2147483647;
			files = (
			);
			runOnlyForDeploymentPostprocessing = 0;
		};
/* End PBXResourcesBuildPhase section */

/* Begin PBXSourcesBuildPhase section */
		DD400FDE29DB283A00FF480E /* Sources */ = {
			isa = PBXSourcesBuildPhase;
			buildActionMask = 2147483647;
			files = (
				DD40104929E67DC200FF480E /* DataService.swift in Sources */,
				DD40101A29DC6E4E00FF480E /* NetworkService.swift in Sources */,
				DDFF654C29F6641C003F64FF /* CoinsModel.swift in Sources */,
				DD40104629E3217700FF480E /* HomeView.swift in Sources */,
				DD40104C29E67DF100FF480E /* MainPresenter.swift in Sources */,
				DDFF654E29F6F138003F64FF /* Assembler.swift in Sources */,
				DDFF654A29F65EDF003F64FF /* CustomCell.swift in Sources */,
				DD400FF029DB283A00FF480E /* cryptobag.xcdatamodeld in Sources */,
				DD400FE629DB283A00FF480E /* AppDelegate.swift in Sources */,
				DD400FE829DB283A00FF480E /* SceneDelegate.swift in Sources */,
				DDFF654329F4033C003F64FF /* Tickers.swift in Sources */,
			);
			runOnlyForDeploymentPostprocessing = 0;
		};
		DD400FF729DB283B00FF480E /* Sources */ = {
			isa = PBXSourcesBuildPhase;
			buildActionMask = 2147483647;
			files = (
				DD40100029DB283B00FF480E /* cryptobagTests.swift in Sources */,
			);
			runOnlyForDeploymentPostprocessing = 0;
		};
		DD40100129DB283B00FF480E /* Sources */ = {
			isa = PBXSourcesBuildPhase;
			buildActionMask = 2147483647;
			files = (
				DD40100C29DB283B00FF480E /* cryptobagUITestsLaunchTests.swift in Sources */,
				DD40100A29DB283B00FF480E /* cryptobagUITests.swift in Sources */,
			);
			runOnlyForDeploymentPostprocessing = 0;
		};
/* End PBXSourcesBuildPhase section */

/* Begin PBXTargetDependency section */
		DD400FFD29DB283B00FF480E /* PBXTargetDependency */ = {
			isa = PBXTargetDependency;
			target = DD400FE129DB283A00FF480E /* cryptobag */;
			targetProxy = DD400FFC29DB283B00FF480E /* PBXContainerItemProxy */;
		};
		DD40100729DB283B00FF480E /* PBXTargetDependency */ = {
			isa = PBXTargetDependency;
			target = DD400FE129DB283A00FF480E /* cryptobag */;
			targetProxy = DD40100629DB283B00FF480E /* PBXContainerItemProxy */;
		};
/* End PBXTargetDependency section */

/* Begin PBXVariantGroup section */
		DD400FF329DB283B00FF480E /* LaunchScreen.storyboard */ = {
			isa = PBXVariantGroup;
			children = (
				DD400FF429DB283B00FF480E /* Base */,
			);
			name = LaunchScreen.storyboard;
			sourceTree = "<group>";
		};
/* End PBXVariantGroup section */

/* Begin XCBuildConfiguration section */
		DD40100D29DB283B00FF480E /* Debug */ = {
			isa = XCBuildConfiguration;
			buildSettings = {
				ALWAYS_SEARCH_USER_PATHS = NO;
				CLANG_ANALYZER_NONNULL = YES;
				CLANG_ANALYZER_NUMBER_OBJECT_CONVERSION = YES_AGGRESSIVE;
				CLANG_CXX_LANGUAGE_STANDARD = "gnu++20";
				CLANG_ENABLE_MODULES = YES;
				CLANG_ENABLE_OBJC_ARC = YES;
				CLANG_ENABLE_OBJC_WEAK = YES;
				CLANG_WARN_BLOCK_CAPTURE_AUTORELEASING = YES;
				CLANG_WARN_BOOL_CONVERSION = YES;
				CLANG_WARN_COMMA = YES;
				CLANG_WARN_CONSTANT_CONVERSION = YES;
				CLANG_WARN_DEPRECATED_OBJC_IMPLEMENTATIONS = YES;
				CLANG_WARN_DIRECT_OBJC_ISA_USAGE = YES_ERROR;
				CLANG_WARN_DOCUMENTATION_COMMENTS = YES;
				CLANG_WARN_EMPTY_BODY = YES;
				CLANG_WARN_ENUM_CONVERSION = YES;
				CLANG_WARN_INFINITE_RECURSION = YES;
				CLANG_WARN_INT_CONVERSION = YES;
				CLANG_WARN_NON_LITERAL_NULL_CONVERSION = YES;
				CLANG_WARN_OBJC_IMPLICIT_RETAIN_SELF = YES;
				CLANG_WARN_OBJC_LITERAL_CONVERSION = YES;
				CLANG_WARN_OBJC_ROOT_CLASS = YES_ERROR;
				CLANG_WARN_QUOTED_INCLUDE_IN_FRAMEWORK_HEADER = YES;
				CLANG_WARN_RANGE_LOOP_ANALYSIS = YES;
				CLANG_WARN_STRICT_PROTOTYPES = YES;
				CLANG_WARN_SUSPICIOUS_MOVE = YES;
				CLANG_WARN_UNGUARDED_AVAILABILITY = YES_AGGRESSIVE;
				CLANG_WARN_UNREACHABLE_CODE = YES;
				CLANG_WARN__DUPLICATE_METHOD_MATCH = YES;
				COPY_PHASE_STRIP = NO;
				DEBUG_INFORMATION_FORMAT = dwarf;
				ENABLE_STRICT_OBJC_MSGSEND = YES;
				ENABLE_TESTABILITY = YES;
				GCC_C_LANGUAGE_STANDARD = gnu11;
				GCC_DYNAMIC_NO_PIC = NO;
				GCC_NO_COMMON_BLOCKS = YES;
				GCC_OPTIMIZATION_LEVEL = 0;
				GCC_PREPROCESSOR_DEFINITIONS = (
					"DEBUG=1",
					"$(inherited)",
				);
				GCC_WARN_64_TO_32_BIT_CONVERSION = YES;
				GCC_WARN_ABOUT_RETURN_TYPE = YES_ERROR;
				GCC_WARN_UNDECLARED_SELECTOR = YES;
				GCC_WARN_UNINITIALIZED_AUTOS = YES_AGGRESSIVE;
				GCC_WARN_UNUSED_FUNCTION = YES;
				GCC_WARN_UNUSED_VARIABLE = YES;
				IPHONEOS_DEPLOYMENT_TARGET = 16.4;
				MTL_ENABLE_DEBUG_INFO = INCLUDE_SOURCE;
				MTL_FAST_MATH = YES;
				ONLY_ACTIVE_ARCH = YES;
				SDKROOT = iphoneos;
				SWIFT_ACTIVE_COMPILATION_CONDITIONS = DEBUG;
				SWIFT_OPTIMIZATION_LEVEL = "-Onone";
			};
			name = Debug;
		};
		DD40100E29DB283B00FF480E /* Release */ = {
			isa = XCBuildConfiguration;
			buildSettings = {
				ALWAYS_SEARCH_USER_PATHS = NO;
				CLANG_ANALYZER_NONNULL = YES;
				CLANG_ANALYZER_NUMBER_OBJECT_CONVERSION = YES_AGGRESSIVE;
				CLANG_CXX_LANGUAGE_STANDARD = "gnu++20";
				CLANG_ENABLE_MODULES = YES;
				CLANG_ENABLE_OBJC_ARC = YES;
				CLANG_ENABLE_OBJC_WEAK = YES;
				CLANG_WARN_BLOCK_CAPTURE_AUTORELEASING = YES;
				CLANG_WARN_BOOL_CONVERSION = YES;
				CLANG_WARN_COMMA = YES;
				CLANG_WARN_CONSTANT_CONVERSION = YES;
				CLANG_WARN_DEPRECATED_OBJC_IMPLEMENTATIONS = YES;
				CLANG_WARN_DIRECT_OBJC_ISA_USAGE = YES_ERROR;
				CLANG_WARN_DOCUMENTATION_COMMENTS = YES;
				CLANG_WARN_EMPTY_BODY = YES;
				CLANG_WARN_ENUM_CONVERSION = YES;
				CLANG_WARN_INFINITE_RECURSION = YES;
				CLANG_WARN_INT_CONVERSION = YES;
				CLANG_WARN_NON_LITERAL_NULL_CONVERSION = YES;
				CLANG_WARN_OBJC_IMPLICIT_RETAIN_SELF = YES;
				CLANG_WARN_OBJC_LITERAL_CONVERSION = YES;
				CLANG_WARN_OBJC_ROOT_CLASS = YES_ERROR;
				CLANG_WARN_QUOTED_INCLUDE_IN_FRAMEWORK_HEADER = YES;
				CLANG_WARN_RANGE_LOOP_ANALYSIS = YES;
				CLANG_WARN_STRICT_PROTOTYPES = YES;
				CLANG_WARN_SUSPICIOUS_MOVE = YES;
				CLANG_WARN_UNGUARDED_AVAILABILITY = YES_AGGRESSIVE;
				CLANG_WARN_UNREACHABLE_CODE = YES;
				CLANG_WARN__DUPLICATE_METHOD_MATCH = YES;
				COPY_PHASE_STRIP = NO;
				DEBUG_INFORMATION_FORMAT = "dwarf-with-dsym";
				ENABLE_NS_ASSERTIONS = NO;
				ENABLE_STRICT_OBJC_MSGSEND = YES;
				GCC_C_LANGUAGE_STANDARD = gnu11;
				GCC_NO_COMMON_BLOCKS = YES;
				GCC_WARN_64_TO_32_BIT_CONVERSION = YES;
				GCC_WARN_ABOUT_RETURN_TYPE = YES_ERROR;
				GCC_WARN_UNDECLARED_SELECTOR = YES;
				GCC_WARN_UNINITIALIZED_AUTOS = YES_AGGRESSIVE;
				GCC_WARN_UNUSED_FUNCTION = YES;
				GCC_WARN_UNUSED_VARIABLE = YES;
				IPHONEOS_DEPLOYMENT_TARGET = 16.4;
				MTL_ENABLE_DEBUG_INFO = NO;
				MTL_FAST_MATH = YES;
				SDKROOT = iphoneos;
				SWIFT_COMPILATION_MODE = wholemodule;
				SWIFT_OPTIMIZATION_LEVEL = "-O";
				VALIDATE_PRODUCT = YES;
			};
			name = Release;
		};
		DD40101029DB283B00FF480E /* Debug */ = {
			isa = XCBuildConfiguration;
			buildSettings = {
				ASSETCATALOG_COMPILER_APPICON_NAME = AppIcon;
				ASSETCATALOG_COMPILER_GLOBAL_ACCENT_COLOR_NAME = AccentColor;
				CODE_SIGN_STYLE = Automatic;
				CURRENT_PROJECT_VERSION = 1;
				GENERATE_INFOPLIST_FILE = YES;
				INFOPLIST_FILE = cryptobag/Info.plist;
				INFOPLIST_KEY_UIApplicationSupportsIndirectInputEvents = YES;
				INFOPLIST_KEY_UILaunchStoryboardName = LaunchScreen;
				INFOPLIST_KEY_UISupportedInterfaceOrientations_iPad = "UIInterfaceOrientationPortrait UIInterfaceOrientationPortraitUpsideDown UIInterfaceOrientationLandscapeLeft UIInterfaceOrientationLandscapeRight";
				INFOPLIST_KEY_UISupportedInterfaceOrientations_iPhone = "UIInterfaceOrientationPortrait UIInterfaceOrientationLandscapeLeft UIInterfaceOrientationLandscapeRight";
				LD_RUNPATH_SEARCH_PATHS = (
					"$(inherited)",
					"@executable_path/Frameworks",
				);
				MARKETING_VERSION = 1.0;
				PRODUCT_BUNDLE_IDENTIFIER = none.cryptobag;
				PRODUCT_NAME = "$(TARGET_NAME)";
				SWIFT_EMIT_LOC_STRINGS = YES;
				SWIFT_VERSION = 5.0;
				TARGETED_DEVICE_FAMILY = "1,2";
			};
			name = Debug;
		};
		DD40101129DB283B00FF480E /* Release */ = {
			isa = XCBuildConfiguration;
			buildSettings = {
				ASSETCATALOG_COMPILER_APPICON_NAME = AppIcon;
				ASSETCATALOG_COMPILER_GLOBAL_ACCENT_COLOR_NAME = AccentColor;
				CODE_SIGN_STYLE = Automatic;
				CURRENT_PROJECT_VERSION = 1;
				GENERATE_INFOPLIST_FILE = YES;
				INFOPLIST_FILE = cryptobag/Info.plist;
				INFOPLIST_KEY_UIApplicationSupportsIndirectInputEvents = YES;
				INFOPLIST_KEY_UILaunchStoryboardName = LaunchScreen;
				INFOPLIST_KEY_UISupportedInterfaceOrientations_iPad = "UIInterfaceOrientationPortrait UIInterfaceOrientationPortraitUpsideDown UIInterfaceOrientationLandscapeLeft UIInterfaceOrientationLandscapeRight";
				INFOPLIST_KEY_UISupportedInterfaceOrientations_iPhone = "UIInterfaceOrientationPortrait UIInterfaceOrientationLandscapeLeft UIInterfaceOrientationLandscapeRight";
				LD_RUNPATH_SEARCH_PATHS = (
					"$(inherited)",
					"@executable_path/Frameworks",
				);
				MARKETING_VERSION = 1.0;
				PRODUCT_BUNDLE_IDENTIFIER = none.cryptobag;
				PRODUCT_NAME = "$(TARGET_NAME)";
				SWIFT_EMIT_LOC_STRINGS = YES;
				SWIFT_VERSION = 5.0;
				TARGETED_DEVICE_FAMILY = "1,2";
			};
			name = Release;
		};
		DD40101329DB283B00FF480E /* Debug */ = {
			isa = XCBuildConfiguration;
			buildSettings = {
				ALWAYS_EMBED_SWIFT_STANDARD_LIBRARIES = YES;
				BUNDLE_LOADER = "$(TEST_HOST)";
				CODE_SIGN_STYLE = Automatic;
				CURRENT_PROJECT_VERSION = 1;
				GENERATE_INFOPLIST_FILE = YES;
				IPHONEOS_DEPLOYMENT_TARGET = 16.4;
				MARKETING_VERSION = 1.0;
				PRODUCT_BUNDLE_IDENTIFIER = none.cryptobagTests;
				PRODUCT_NAME = "$(TARGET_NAME)";
				SWIFT_EMIT_LOC_STRINGS = NO;
				SWIFT_VERSION = 5.0;
				TARGETED_DEVICE_FAMILY = "1,2";
				TEST_HOST = "$(BUILT_PRODUCTS_DIR)/cryptobag.app/$(BUNDLE_EXECUTABLE_FOLDER_PATH)/cryptobag";
			};
			name = Debug;
		};
		DD40101429DB283B00FF480E /* Release */ = {
			isa = XCBuildConfiguration;
			buildSettings = {
				ALWAYS_EMBED_SWIFT_STANDARD_LIBRARIES = YES;
				BUNDLE_LOADER = "$(TEST_HOST)";
				CODE_SIGN_STYLE = Automatic;
				CURRENT_PROJECT_VERSION = 1;
				GENERATE_INFOPLIST_FILE = YES;
				IPHONEOS_DEPLOYMENT_TARGET = 16.4;
				MARKETING_VERSION = 1.0;
				PRODUCT_BUNDLE_IDENTIFIER = none.cryptobagTests;
				PRODUCT_NAME = "$(TARGET_NAME)";
				SWIFT_EMIT_LOC_STRINGS = NO;
				SWIFT_VERSION = 5.0;
				TARGETED_DEVICE_FAMILY = "1,2";
				TEST_HOST = "$(BUILT_PRODUCTS_DIR)/cryptobag.app/$(BUNDLE_EXECUTABLE_FOLDER_PATH)/cryptobag";
			};
			name = Release;
		};
		DD40101629DB283B00FF480E /* Debug */ = {
			isa = XCBuildConfiguration;
			buildSettings = {
				ALWAYS_EMBED_SWIFT_STANDARD_LIBRARIES = YES;
				CODE_SIGN_STYLE = Automatic;
				CURRENT_PROJECT_VERSION = 1;
				GENERATE_INFOPLIST_FILE = YES;
				MARKETING_VERSION = 1.0;
				PRODUCT_BUNDLE_IDENTIFIER = none.cryptobagUITests;
				PRODUCT_NAME = "$(TARGET_NAME)";
				SWIFT_EMIT_LOC_STRINGS = NO;
				SWIFT_VERSION = 5.0;
				TARGETED_DEVICE_FAMILY = "1,2";
				TEST_TARGET_NAME = cryptobag;
			};
			name = Debug;
		};
		DD40101729DB283B00FF480E /* Release */ = {
			isa = XCBuildConfiguration;
			buildSettings = {
				ALWAYS_EMBED_SWIFT_STANDARD_LIBRARIES = YES;
				CODE_SIGN_STYLE = Automatic;
				CURRENT_PROJECT_VERSION = 1;
				GENERATE_INFOPLIST_FILE = YES;
				MARKETING_VERSION = 1.0;
				PRODUCT_BUNDLE_IDENTIFIER = none.cryptobagUITests;
				PRODUCT_NAME = "$(TARGET_NAME)";
				SWIFT_EMIT_LOC_STRINGS = NO;
				SWIFT_VERSION = 5.0;
				TARGETED_DEVICE_FAMILY = "1,2";
				TEST_TARGET_NAME = cryptobag;
			};
			name = Release;
		};
/* End XCBuildConfiguration section */

/* Begin XCConfigurationList section */
		DD400FDD29DB283A00FF480E /* Build configuration list for PBXProject "cryptobag" */ = {
			isa = XCConfigurationList;
			buildConfigurations = (
				DD40100D29DB283B00FF480E /* Debug */,
				DD40100E29DB283B00FF480E /* Release */,
			);
			defaultConfigurationIsVisible = 0;
			defaultConfigurationName = Release;
		};
		DD40100F29DB283B00FF480E /* Build configuration list for PBXNativeTarget "cryptobag" */ = {
			isa = XCConfigurationList;
			buildConfigurations = (
				DD40101029DB283B00FF480E /* Debug */,
				DD40101129DB283B00FF480E /* Release */,
			);
			defaultConfigurationIsVisible = 0;
			defaultConfigurationName = Release;
		};
		DD40101229DB283B00FF480E /* Build configuration list for PBXNativeTarget "cryptobagTests" */ = {
			isa = XCConfigurationList;
			buildConfigurations = (
				DD40101329DB283B00FF480E /* Debug */,
				DD40101429DB283B00FF480E /* Release */,
			);
			defaultConfigurationIsVisible = 0;
			defaultConfigurationName = Release;
		};
		DD40101529DB283B00FF480E /* Build configuration list for PBXNativeTarget "cryptobagUITests" */ = {
			isa = XCConfigurationList;
			buildConfigurations = (
				DD40101629DB283B00FF480E /* Debug */,
				DD40101729DB283B00FF480E /* Release */,
			);
			defaultConfigurationIsVisible = 0;
			defaultConfigurationName = Release;
		};
/* End XCConfigurationList section */

/* Begin XCRemoteSwiftPackageReference section */
		DD40102229DC773000FF480E /* XCRemoteSwiftPackageReference "SnapKit" */ = {
			isa = XCRemoteSwiftPackageReference;
			repositoryURL = "https://github.com/SnapKit/SnapKit.git";
			requirement = {
				kind = upToNextMajorVersion;
				minimumVersion = 5.0.0;
			};
		};
		DDFF651B29F03604003F64FF /* XCRemoteSwiftPackageReference "Alamofire" */ = {
			isa = XCRemoteSwiftPackageReference;
			repositoryURL = "https://github.com/Alamofire/Alamofire.git";
			requirement = {
				kind = upToNextMajorVersion;
				minimumVersion = 5.0.0;
			};
		};
/* End XCRemoteSwiftPackageReference section */

/* Begin XCSwiftPackageProductDependency section */
		DD40102329DC773000FF480E /* SnapKit */ = {
			isa = XCSwiftPackageProductDependency;
			package = DD40102229DC773000FF480E /* XCRemoteSwiftPackageReference "SnapKit" */;
			productName = SnapKit;
		};
		DDFF651C29F03604003F64FF /* Alamofire */ = {
			isa = XCSwiftPackageProductDependency;
			package = DDFF651B29F03604003F64FF /* XCRemoteSwiftPackageReference "Alamofire" */;
			productName = Alamofire;
		};
/* End XCSwiftPackageProductDependency section */

/* Begin XCVersionGroup section */
		DD400FEE29DB283A00FF480E /* cryptobag.xcdatamodeld */ = {
			isa = XCVersionGroup;
			children = (
				DD400FEF29DB283A00FF480E /* cryptobag.xcdatamodel */,
			);
			currentVersion = DD400FEF29DB283A00FF480E /* cryptobag.xcdatamodel */;
			path = cryptobag.xcdatamodeld;
			sourceTree = "<group>";
			versionGroupType = wrapper.xcdatamodel;
		};
/* End XCVersionGroup section */
	};
	rootObject = DD400FDA29DB283A00FF480E /* Project object */;
}
